
Microsoft Visual Studio Solution File, Format Version 12.00
# Visual Studio Version 17
VisualStudioVersion = 17.0.31903.59
MinimumVisualStudioVersion = 10.0.40219.1
Project("{2150E333-8FDC-42A3-9474-1A3956D46DE8}") = "src", "src", "{827E0CD3-B72D-47B6-A68D-7590B98EB39B}"
EndProject
Project("{FAE04EC0-301F-11D3-BF4B-00C04F79EFBC}") = "OVSD.Core", "src\OVSD.Core\OVSD.Core.csproj", "{8C8DB936-EA7D-404C-99BE-31A6A971CBB3}"
EndProject
Project("{FAE04EC0-301F-11D3-BF4B-00C04F79EFBC}") = "OVSD.Host", "src\OVSD.Host\OVSD.Host.csproj", "{733D8AE9-7347-4444-837A-05C112D287EA}"
EndProject
Project("{FAE04EC0-301F-11D3-BF4B-00C04F79EFBC}") = "OVSD.Integrations", "src\OVSD.Integrations\OVSD.Integrations.csproj", "{AC557505-93BD-42FE-9CDE-3C61D8768300}"
EndProject
Project("{FAE04EC0-301F-11D3-BF4B-00C04F79EFBC}") = "OVSD.Platform.Windows", "src\OVSD.Platform.Windows\OVSD.Platform.Windows.csproj", "{4A5E2CA2-7936-4EEA-A997-C5731A8A47AB}"
EndProject
Project("{2150E333-8FDC-42A3-9474-1A3956D46DE8}") = "tests", "tests", "{0AB3BF05-4346-4AA6-1389-037BE0695223}"
EndProject
Project("{FAE04EC0-301F-11D3-BF4B-00C04F79EFBC}") = "OVSD.Core.Tests", "tests\OVSD.Core.Tests\OVSD.Core.Tests.csproj", "{89458404-75AB-4AAF-9103-7DE67606FDB4}"
EndProject
Global
	GlobalSection(SolutionConfigurationPlatforms) = preSolution
		Debug|Any CPU = Debug|Any CPU
		Debug|x64 = Debug|x64
		Debug|x86 = Debug|x86
		Release|Any CPU = Release|Any CPU
		Release|x64 = Release|x64
		Release|x86 = Release|x86
	EndGlobalSection
	GlobalSection(ProjectConfigurationPlatforms) = postSolution
		{8C8DB936-EA7D-404C-99BE-31A6A971CBB3}.Debug|Any CPU.ActiveCfg = Debug|Any CPU
		{8C8DB936-EA7D-404C-99BE-31A6A971CBB3}.Debug|Any CPU.Build.0 = Debug|Any CPU
		{8C8DB936-EA7D-404C-99BE-31A6A971CBB3}.Debug|x64.ActiveCfg = Debug|Any CPU
		{8C8DB936-EA7D-404C-99BE-31A6A971CBB3}.Debug|x64.Build.0 = Debug|Any CPU
		{8C8DB936-EA7D-404C-99BE-31A6A971CBB3}.Debug|x86.ActiveCfg = Debug|Any CPU
		{8C8DB936-EA7D-404C-99BE-31A6A971CBB3}.Debug|x86.Build.0 = Debug|Any CPU
		{8C8DB936-EA7D-404C-99BE-31A6A971CBB3}.Release|Any CPU.ActiveCfg = Release|Any CPU
		{8C8DB936-EA7D-404C-99BE-31A6A971CBB3}.Release|Any CPU.Build.0 = Release|Any CPU
		{8C8DB936-EA7D-404C-99BE-31A6A971CBB3}.Release|x64.ActiveCfg = Release|Any CPU
		{8C8DB936-EA7D-404C-99BE-31A6A971CBB3}.Release|x64.Build.0 = Release|Any CPU
		{8C8DB936-EA7D-404C-99BE-31A6A971CBB3}.Release|x86.ActiveCfg = Release|Any CPU
		{8C8DB936-EA7D-404C-99BE-31A6A971CBB3}.Release|x86.Build.0 = Release|Any CPU
		{733D8AE9-7347-4444-837A-05C112D287EA}.Debug|Any CPU.ActiveCfg = Debug|Any CPU
		{733D8AE9-7347-4444-837A-05C112D287EA}.Debug|Any CPU.Build.0 = Debug|Any CPU
		{733D8AE9-7347-4444-837A-05C112D287EA}.Debug|x64.ActiveCfg = Debug|Any CPU
		{733D8AE9-7347-4444-837A-05C112D287EA}.Debug|x64.Build.0 = Debug|Any CPU
		{733D8AE9-7347-4444-837A-05C112D287EA}.Debug|x86.ActiveCfg = Debug|Any CPU
		{733D8AE9-7347-4444-837A-05C112D287EA}.Debug|x86.Build.0 = Debug|Any CPU
		{733D8AE9-7347-4444-837A-05C112D287EA}.Release|Any CPU.ActiveCfg = Release|Any CPU
		{733D8AE9-7347-4444-837A-05C112D287EA}.Release|Any CPU.Build.0 = Release|Any CPU
		{733D8AE9-7347-4444-837A-05C112D287EA}.Release|x64.ActiveCfg = Release|Any CPU
		{733D8AE9-7347-4444-837A-05C112D287EA}.Release|x64.Build.0 = Release|Any CPU
		{733D8AE9-7347-4444-837A-05C112D287EA}.Release|x86.ActiveCfg = Release|Any CPU
		{733D8AE9-7347-4444-837A-05C112D287EA}.Release|x86.Build.0 = Release|Any CPU
		{AC557505-93BD-42FE-9CDE-3C61D8768300}.Debug|Any CPU.ActiveCfg = Debug|Any CPU
		{AC557505-93BD-42FE-9CDE-3C61D8768300}.Debug|Any CPU.Build.0 = Debug|Any CPU
		{AC557505-93BD-42FE-9CDE-3C61D8768300}.Debug|x64.ActiveCfg = Debug|Any CPU
		{AC557505-93BD-42FE-9CDE-3C61D8768300}.Debug|x64.Build.0 = Debug|Any CPU
		{AC557505-93BD-42FE-9CDE-3C61D8768300}.Debug|x86.ActiveCfg = Debug|Any CPU
		{AC557505-93BD-42FE-9CDE-3C61D8768300}.Debug|x86.Build.0 = Debug|Any CPU
		{AC557505-93BD-42FE-9CDE-3C61D8768300}.Release|Any CPU.ActiveCfg = Release|Any CPU
		{AC557505-93BD-42FE-9CDE-3C61D8768300}.Release|Any CPU.Build.0 = Release|Any CPU
		{AC557505-93BD-42FE-9CDE-3C61D8768300}.Release|x64.ActiveCfg = Release|Any CPU
		{AC557505-93BD-42FE-9CDE-3C61D8768300}.Release|x64.Build.0 = Release|Any CPU
		{AC557505-93BD-42FE-9CDE-3C61D8768300}.Release|x86.ActiveCfg = Release|Any CPU
		{AC557505-93BD-42FE-9CDE-3C61D8768300}.Release|x86.Build.0 = Release|Any CPU
		{4A5E2CA2-7936-4EEA-A997-C5731A8A47AB}.Debug|Any CPU.ActiveCfg = Debug|Any CPU
		{4A5E2CA2-7936-4EEA-A997-C5731A8A47AB}.Debug|Any CPU.Build.0 = Debug|Any CPU
		{4A5E2CA2-7936-4EEA-A997-C5731A8A47AB}.Debug|x64.ActiveCfg = Debug|Any CPU
		{4A5E2CA2-7936-4EEA-A997-C5731A8A47AB}.Debug|x64.Build.0 = Debug|Any CPU
		{4A5E2CA2-7936-4EEA-A997-C5731A8A47AB}.Debug|x86.ActiveCfg = Debug|Any CPU
		{4A5E2CA2-7936-4EEA-A997-C5731A8A47AB}.Debug|x86.Build.0 = Debug|Any CPU
		{4A5E2CA2-7936-4EEA-A997-C5731A8A47AB}.Release|Any CPU.ActiveCfg = Release|Any CPU
		{4A5E2CA2-7936-4EEA-A997-C5731A8A47AB}.Release|Any CPU.Build.0 = Release|Any CPU
		{4A5E2CA2-7936-4EEA-A997-C5731A8A47AB}.Release|x64.ActiveCfg = Release|Any CPU
		{4A5E2CA2-7936-4EEA-A997-C5731A8A47AB}.Release|x64.Build.0 = Release|Any CPU
		{4A5E2CA2-7936-4EEA-A997-C5731A8A47AB}.Release|x86.ActiveCfg = Release|Any CPU
		{4A5E2CA2-7936-4EEA-A997-C5731A8A47AB}.Release|x86.Build.0 = Release|Any CPU
		{89458404-75AB-4AAF-9103-7DE67606FDB4}.Debug|Any CPU.ActiveCfg = Debug|Any CPU
		{89458404-75AB-4AAF-9103-7DE67606FDB4}.Debug|Any CPU.Build.0 = Debug|Any CPU
		{89458404-75AB-4AAF-9103-7DE67606FDB4}.Debug|x64.ActiveCfg = Debug|Any CPU
		{89458404-75AB-4AAF-9103-7DE67606FDB4}.Debug|x64.Build.0 = Debug|Any CPU
		{89458404-75AB-4AAF-9103-7DE67606FDB4}.Debug|x86.ActiveCfg = Debug|Any CPU
		{89458404-75AB-4AAF-9103-7DE67606FDB4}.Debug|x86.Build.0 = Debug|Any CPU
		{89458404-75AB-4AAF-9103-7DE67606FDB4}.Release|Any CPU.ActiveCfg = Release|Any CPU
		{89458404-75AB-4AAF-9103-7DE67606FDB4}.Release|Any CPU.Build.0 = Release|Any CPU
		{89458404-75AB-4AAF-9103-7DE67606FDB4}.Release|x64.ActiveCfg = Release|Any CPU
		{89458404-75AB-4AAF-9103-7DE67606FDB4}.Release|x64.Build.0 = Release|Any CPU
		{89458404-75AB-4AAF-9103-7DE67606FDB4}.Release|x86.ActiveCfg = Release|Any CPU
		{89458404-75AB-4AAF-9103-7DE67606FDB4}.Release|x86.Build.0 = Release|Any CPU
	EndGlobalSection
	GlobalSection(SolutionProperties) = preSolution
		HideSolutionNode = FALSE
	EndGlobalSection
	GlobalSection(NestedProjects) = preSolution
		{8C8DB936-EA7D-404C-99BE-31A6A971CBB3} = {827E0CD3-B72D-47B6-A68D-7590B98EB39B}
		{733D8AE9-7347-4444-837A-05C112D287EA} = {827E0CD3-B72D-47B6-A68D-7590B98EB39B}
		{AC557505-93BD-42FE-9CDE-3C61D8768300} = {827E0CD3-B72D-47B6-A68D-7590B98EB39B}
		{4A5E2CA2-7936-4EEA-A997-C5731A8A47AB} = {827E0CD3-B72D-47B6-A68D-7590B98EB39B}
		{89458404-75AB-4AAF-9103-7DE67606FDB4} = {0AB3BF05-4346-4AA6-1389-037BE0695223}
	EndGlobalSection
EndGlobal
